
Microsoft Visual Studio Solution File, Format Version 12.00
# Visual Studio 15
Project("{FAE04EC0-301F-11D3-BF4B-00C04F79EFBC}") = "Assembly-CSharp", "Assembly-CSharp.csproj", "{7BEDA7BF-E63F-971D-68D1-EF713C702F95}"
EndProject
Project("{FAE04EC0-301F-11D3-BF4B-00C04F79EFBC}") = "RadicalForge.Blockout", "RadicalForge.Blockout.csproj", "{BE021237-91A2-6F2C-AEE9-7D19E0A91B8B}"
EndProject
Project("{FAE04EC0-301F-11D3-BF4B-00C04F79EFBC}") = "RadicalForge.Blockout.Editor", "RadicalForge.Blockout.Editor.csproj", "{4A12816E-8258-63B3-37BB-86486EF6D1D1}"
EndProject
Global
	GlobalSection(SolutionConfigurationPlatforms) = preSolution
		Debug|Any CPU = Debug|Any CPU
		Release|Any CPU = Release|Any CPU
	EndGlobalSection
	GlobalSection(ProjectConfigurationPlatforms) = postSolution
		{7BEDA7BF-E63F-971D-68D1-EF713C702F95}.Debug|Any CPU.ActiveCfg = Debug|Any CPU
		{7BEDA7BF-E63F-971D-68D1-EF713C702F95}.Debug|Any CPU.Build.0 = Debug|Any CPU
		{7BEDA7BF-E63F-971D-68D1-EF713C702F95}.Release|Any CPU.ActiveCfg = Release|Any CPU
		{7BEDA7BF-E63F-971D-68D1-EF713C702F95}.Release|Any CPU.Build.0 = Release|Any CPU
		{BE021237-91A2-6F2C-AEE9-7D19E0A91B8B}.Debug|Any CPU.ActiveCfg = Debug|Any CPU
		{BE021237-91A2-6F2C-AEE9-7D19E0A91B8B}.Debug|Any CPU.Build.0 = Debug|Any CPU
		{BE021237-91A2-6F2C-AEE9-7D19E0A91B8B}.Release|Any CPU.ActiveCfg = Release|Any CPU
		{BE021237-91A2-6F2C-AEE9-7D19E0A91B8B}.Release|Any CPU.Build.0 = Release|Any CPU
		{4A12816E-8258-63B3-37BB-86486EF6D1D1}.Debug|Any CPU.ActiveCfg = Debug|Any CPU
		{4A12816E-8258-63B3-37BB-86486EF6D1D1}.Debug|Any CPU.Build.0 = Debug|Any CPU
		{4A12816E-8258-63B3-37BB-86486EF6D1D1}.Release|Any CPU.ActiveCfg = Release|Any CPU
		{4A12816E-8258-63B3-37BB-86486EF6D1D1}.Release|Any CPU.Build.0 = Release|Any CPU
	EndGlobalSection
	GlobalSection(SolutionProperties) = preSolution
		HideSolutionNode = FALSE
	EndGlobalSection
EndGlobal
